PODS:
  - Flutter (1.0.0)
  - flutter_zendesk_chat (0.0.1):
    - Flutter
    - ZendeskChatProvidersSDK
  - ZendeskChatProvidersSDK (2.9.0)

DEPENDENCIES:
  - Flutter (from `Flutter`)
  - flutter_zendesk_chat (from `.symlinks/plugins/flutter_zendesk_chat/ios`)

SPEC REPOS:
  trunk:
    - ZendeskChatProvidersSDK

EXTERNAL SOURCES:
  Flutter:
    :path: Flutter
  flutter_zendesk_chat:
    :path: ".symlinks/plugins/flutter_zendesk_chat/ios"

SPEC CHECKSUMS:
  Flutter: 0e3d915762c693b495b44d77113d4970485de6ec
  flutter_zendesk_chat: 484b430ede2622e95acbb4e766add8443480f04d
  ZendeskChatProvidersSDK: dd8cbf33c4b7209a8ee7945faa4d2cd3b609ff15

PODFILE CHECKSUM: aafe91acc616949ddb318b77800a7f51bffa2a4c

COCOAPODS: 1.10.0.beta.1
